// !$*UTF8*$!
{
	archiveVersion = 1;
	classes = {
	};
	objectVersion = 46;
	objects = {

/* Begin PBXBuildFile section */
		FF893E291D0B525C00791885 /* AppDelegate.swift in Sources */ = {isa = PBXBuildFile; fileRef = FF893E281D0B525C00791885 /* AppDelegate.swift */; };
		FF893E2B1D0B525C00791885 /* GameScene.sks in Resources */ = {isa = PBXBuildFile; fileRef = FF893E2A1D0B525C00791885 /* GameScene.sks */; };
		FF893E2D1D0B525C00791885 /* GameScene.swift in Sources */ = {isa = PBXBuildFile; fileRef = FF893E2C1D0B525C00791885 /* GameScene.swift */; };
		FF893E2F1D0B525C00791885 /* GameViewController.swift in Sources */ = {isa = PBXBuildFile; fileRef = FF893E2E1D0B525C00791885 /* GameViewController.swift */; };
		FF893E321D0B525C00791885 /* Main.storyboard in Resources */ = {isa = PBXBuildFile; fileRef = FF893E301D0B525C00791885 /* Main.storyboard */; };
		FF893E341D0B525C00791885 /* Assets.xcassets in Resources */ = {isa = PBXBuildFile; fileRef = FF893E331D0B525C00791885 /* Assets.xcassets */; };
		FF893E371D0B525C00791885 /* LaunchScreen.storyboard in Resources */ = {isa = PBXBuildFile; fileRef = FF893E351D0B525C00791885 /* LaunchScreen.storyboard */; };
		FF893E3F1D0CCBC900791885 /* DemoSong.mp3 in Resources */ = {isa = PBXBuildFile; fileRef = FF893E3E1D0CCBC900791885 /* DemoSong.mp3 */; };
/* End PBXBuildFile section */

/* Begin PBXFileReference section */
		FF893E251D0B525C00791885 /* Vizzy.app */ = {isa = PBXFileReference; explicitFileType = wrapper.application; includeInIndex = 0; path = Vizzy.app; sourceTree = BUILT_PRODUCTS_DIR; };
		FF893E281D0B525C00791885 /* AppDelegate.swift */ = {isa = PBXFileReference; lastKnownFileType = sourcecode.swift; path = AppDelegate.swift; sourceTree = "<group>"; };
		FF893E2A1D0B525C00791885 /* GameScene.sks */ = {isa = PBXFileReference; lastKnownFileType = file.sks; path = GameScene.sks; sourceTree = "<group>"; };
		FF893E2C1D0B525C00791885 /* GameScene.swift */ = {isa = PBXFileReference; lastKnownFileType = sourcecode.swift; path = GameScene.swift; sourceTree = "<group>"; };
		FF893E2E1D0B525C00791885 /* GameViewController.swift */ = {isa = PBXFileReference; lastKnownFileType = sourcecode.swift; path = GameViewController.swift; sourceTree = "<group>"; };
		FF893E311D0B525C00791885 /* Base */ = {isa = PBXFileReference; lastKnownFileType = file.storyboard; name = Base; path = Base.lproj/Main.storyboard; sourceTree = "<group>"; };
		FF893E331D0B525C00791885 /* Assets.xcassets */ = {isa = PBXFileReference; lastKnownFileType = folder.assetcatalog; path = Assets.xcassets; sourceTree = "<group>"; };
		FF893E361D0B525C00791885 /* Base */ = {isa = PBXFileReference; lastKnownFileType = file.storyboard; name = Base; path = Base.lproj/LaunchScreen.storyboard; sourceTree = "<group>"; };
		FF893E381D0B525C00791885 /* Info.plist */ = {isa = PBXFileReference; lastKnownFileType = text.plist.xml; path = Info.plist; sourceTree = "<group>"; };
		FF893E3E1D0CCBC900791885 /* DemoSong.mp3 */ = {isa = PBXFileReference; lastKnownFileType = audio.mp3; path = DemoSong.mp3; sourceTree = "<group>"; };
/* End PBXFileReference section */

/* Begin PBXFrameworksBuildPhase section */
		FF893E221D0B525C00791885 /* Frameworks */ = {
			isa = PBXFrameworksBuildPhase;
			buildActionMask = 2147483647;
			files = (
			);
			runOnlyForDeploymentPostprocessing = 0;
		};
/* End PBXFrameworksBuildPhase section */

/* Begin PBXGroup section */
		FF893E1C1D0B525C00791885 = {
			isa = PBXGroup;
			children = (
				FF893E271D0B525C00791885 /* Vizzy */,
				FF893E261D0B525C00791885 /* Products */,
			);
			sourceTree = "<group>";
		};
		FF893E261D0B525C00791885 /* Products */ = {
			isa = PBXGroup;
			children = (
				FF893E251D0B525C00791885 /* Vizzy.app */,
			);
			name = Products;
			sourceTree = "<group>";
		};
		FF893E271D0B525C00791885 /* Vizzy */ = {
			isa = PBXGroup;
			children = (
				FF893E281D0B525C00791885 /* AppDelegate.swift */,
				FF893E2A1D0B525C00791885 /* GameScene.sks */,
				FF893E2C1D0B525C00791885 /* GameScene.swift */,
				FF893E2E1D0B525C00791885 /* GameViewController.swift */,
				FF893E301D0B525C00791885 /* Main.storyboard */,
				FF893E331D0B525C00791885 /* Assets.xcassets */,
				FF893E351D0B525C00791885 /* LaunchScreen.storyboard */,
				FF893E381D0B525C00791885 /* Info.plist */,
				FF893E3E1D0CCBC900791885 /* DemoSong.mp3 */,
			);
			path = Vizzy;
			sourceTree = "<group>";
		};
/* End PBXGroup section */

/* Begin PBXNativeTarget section */
		FF893E241D0B525C00791885 /* Vizzy */ = {
			isa = PBXNativeTarget;
			buildConfigurationList = FF893E3B1D0B525C00791885 /* Build configuration list for PBXNativeTarget "Vizzy" */;
			buildPhases = (
				FF893E211D0B525C00791885 /* Sources */,
				FF893E221D0B525C00791885 /* Frameworks */,
				FF893E231D0B525C00791885 /* Resources */,
			);
			buildRules = (
			);
			dependencies = (
			);
			name = Vizzy;
			productName = Vizzy;
			productReference = FF893E251D0B525C00791885 /* Vizzy.app */;
			productType = "com.apple.product-type.application";
		};
/* End PBXNativeTarget section */

/* Begin PBXProject section */
		FF893E1D1D0B525C00791885 /* Project object */ = {
			isa = PBXProject;
			attributes = {
				LastSwiftUpdateCheck = 0730;
				LastUpgradeCheck = 0730;
				ORGANIZATIONNAME = "David Park";
				TargetAttributes = {
					FF893E241D0B525C00791885 = {
						CreatedOnToolsVersion = 7.3.1;
						DevelopmentTeam = JKHZT4LSSL;
						SystemCapabilities = {
							com.apple.BackgroundModes = {
								enabled = 1;
							};
						};
					};
				};
			};
			buildConfigurationList = FF893E201D0B525C00791885 /* Build configuration list for PBXProject "Vizzy" */;
			compatibilityVersion = "Xcode 3.2";
			developmentRegion = English;
			hasScannedForEncodings = 0;
			knownRegions = (
				en,
				Base,
			);
			mainGroup = FF893E1C1D0B525C00791885;
			productRefGroup = FF893E261D0B525C00791885 /* Products */;
			projectDirPath = "";
			projectRoot = "";
			targets = (
				FF893E241D0B525C00791885 /* Vizzy */,
			);
		};
/* End PBXProject section */

/* Begin PBXResourcesBuildPhase section */
		FF893E231D0B525C00791885 /* Resources */ = {
			isa = PBXResourcesBuildPhase;
			buildActionMask = 2147483647;
			files = (
				FF893E3F1D0CCBC900791885 /* DemoSong.mp3 in Resources */,
				FF893E2B1D0B525C00791885 /* GameScene.sks in Resources */,
				FF893E371D0B525C00791885 /* LaunchScreen.storyboard in Resources */,
				FF893E341D0B525C00791885 /* Assets.xcassets in Resources */,
				FF893E321D0B525C00791885 /* Main.storyboard in Resources */,
			);
			runOnlyForDeploymentPostprocessing = 0;
		};
/* End PBXResourcesBuildPhase section */

/* Begin PBXSourcesBuildPhase section */
		FF893E211D0B525C00791885 /* Sources */ = {
			isa = PBXSourcesBuildPhase;
			buildActionMask = 2147483647;
			files = (
				FF893E2D1D0B525C00791885 /* GameScene.swift in Sources */,
				FF893E2F1D0B525C00791885 /* GameViewController.swift in Sources */,
				FF893E291D0B525C00791885 /* AppDelegate.swift in Sources */,
			);
			runOnlyForDeploymentPostprocessing = 0;
		};
/* End PBXSourcesBuildPhase section */

/* Begin PBXVariantGroup section */
		FF893E301D0B525C00791885 /* Main.storyboard */ = {
			isa = PBXVariantGroup;
			children = (
				FF893E311D0B525C00791885 /* Base */,
			);
			name = Main.storyboard;
			sourceTree = "<group>";
		};
		FF893E351D0B525C00791885 /* LaunchScreen.storyboard */ = {
			isa = PBXVariantGroup;
			children = (
				FF893E361D0B525C00791885 /* Base */,
			);
			name = LaunchScreen.storyboard;
			sourceTree = "<group>";
		};
/* End PBXVariantGroup section */

/* Begin XCBuildConfiguration section */
		FF893E391D0B525C00791885 /* Debug */ = {
			isa = XCBuildConfiguration;
			buildSettings = {
				ALWAYS_SEARCH_USER_PATHS = NO;
				CLANG_ANALYZER_NONNULL = YES;
				CLANG_CXX_LANGUAGE_STANDARD = "gnu++0x";
				CLANG_CXX_LIBRARY = "libc++";
				CLANG_ENABLE_MODULES = YES;
				CLANG_ENABLE_OBJC_ARC = YES;
				CLANG_WARN_BOOL_CONVERSION = YES;
				CLANG_WARN_CONSTANT_CONVERSION = YES;
				CLANG_WARN_DIRECT_OBJC_ISA_USAGE = YES_ERROR;
				CLANG_WARN_EMPTY_BODY = YES;
				CLANG_WARN_ENUM_CONVERSION = YES;
				CLANG_WARN_INT_CONVERSION = YES;
				CLANG_WARN_OBJC_ROOT_CLASS = YES_ERROR;
				CLANG_WARN_UNREACHABLE_CODE = YES;
				CLANG_WARN__DUPLICATE_METHOD_MATCH = YES;
				"CODE_SIGN_IDENTITY[sdk=iphoneos*]" = "iPhone Developer";
				COPY_PHASE_STRIP = NO;
				DEBUG_INFORMATION_FORMAT = "dwarf-with-dsym";
				ENABLE_STRICT_OBJC_MSGSEND = YES;
				ENABLE_TESTABILITY = YES;
				GCC_C_LANGUAGE_STANDARD = gnu99;
				GCC_DYNAMIC_NO_PIC = NO;
				GCC_NO_COMMON_BLOCKS = YES;
				GCC_OPTIMIZATION_LEVEL = 0;
				GCC_PREPROCESSOR_DEFINITIONS = (
					"DEBUG=1",
					"$(inherited)",
				);
				GCC_WARN_64_TO_32_BIT_CONVERSION = YES;
				GCC_WARN_ABOUT_RETURN_TYPE = YES_ERROR;
				GCC_WARN_UNDECLARED_SELECTOR = YES;
				GCC_WARN_UNINITIALIZED_AUTOS = YES_AGGRESSIVE;
				GCC_WARN_UNUSED_FUNCTION = YES;
				GCC_WARN_UNUSED_VARIABLE = YES;
				IPHONEOS_DEPLOYMENT_TARGET = 9.3;
				MTL_ENABLE_DEBUG_INFO = YES;
				ONLY_ACTIVE_ARCH = YES;
				SDKROOT = iphoneos;
				SWIFT_OPTIMIZATION_LEVEL = "-Onone";
			};
			name = Debug;
		};
		FF893E3A1D0B525C00791885 /* Release */ = {
			isa = XCBuildConfiguration;
			buildSettings = {
				ALWAYS_SEARCH_USER_PATHS = NO;
				CLANG_ANALYZER_NONNULL = YES;
				CLANG_CXX_LANGUAGE_STANDARD = "gnu++0x";
				CLANG_CXX_LIBRARY = "libc++";
				CLANG_ENABLE_MODULES = YES;
				CLANG_ENABLE_OBJC_ARC = YES;
				CLANG_WARN_BOOL_CONVERSION = YES;
				CLANG_WARN_CONSTANT_CONVERSION = YES;
				CLANG_WARN_DIRECT_OBJC_ISA_USAGE = YES_ERROR;
				CLANG_WARN_EMPTY_BODY = YES;
				CLANG_WARN_ENUM_CONVERSION = YES;
				CLANG_WARN_INT_CONVERSION = YES;
				CLANG_WARN_OBJC_ROOT_CLASS = YES_ERROR;
				CLANG_WARN_UNREACHABLE_CODE = YES;
				CLANG_WARN__DUPLICATE_METHOD_MATCH = YES;
				"CODE_SIGN_IDENTITY[sdk=iphoneos*]" = "iPhone Developer";
				COPY_PHASE_STRIP = NO;
				DEBUG_INFORMATION_FORMAT = "dwarf-with-dsym";
				ENABLE_NS_ASSERTIONS = NO;
				ENABLE_STRICT_OBJC_MSGSEND = YES;
				GCC_C_LANGUAGE_STANDARD = gnu99;
				GCC_NO_COMMON_BLOCKS = YES;
				GCC_WARN_64_TO_32_BIT_CONVERSION = YES;
				GCC_WARN_ABOUT_RETURN_TYPE = YES_ERROR;
				GCC_WARN_UNDECLARED_SELECTOR = YES;
				GCC_WARN_UNINITIALIZED_AUTOS = YES_AGGRESSIVE;
				GCC_WARN_UNUSED_FUNCTION = YES;
				GCC_WARN_UNUSED_VARIABLE = YES;
				IPHONEOS_DEPLOYMENT_TARGET = 9.3;
				MTL_ENABLE_DEBUG_INFO = NO;
				SDKROOT = iphoneos;
				VALIDATE_PRODUCT = YES;
			};
			name = Release;
		};
		FF893E3C1D0B525C00791885 /* Debug */ = {
			isa = XCBuildConfiguration;
			buildSettings = {
				ASSETCATALOG_COMPILER_APPICON_NAME = AppIcon;
				CODE_SIGN_IDENTITY = "iPhone Developer";
				INFOPLIST_FILE = Vizzy/Info.plist;
				LD_RUNPATH_SEARCH_PATHS = "$(inherited) @executable_path/Frameworks";
				PRODUCT_BUNDLE_IDENTIFIER = DavidVY.Vizzy;
				PRODUCT_NAME = "$(TARGET_NAME)";
			};
			name = Debug;
		};
		FF893E3D1D0B525C00791885 /* Release */ = {
			isa = XCBuildConfiguration;
			buildSettings = {
				ASSETCATALOG_COMPILER_APPICON_NAME = AppIcon;
				CODE_SIGN_IDENTITY = "iPhone Developer";
				INFOPLIST_FILE = Vizzy/Info.plist;
				LD_RUNPATH_SEARCH_PATHS = "$(inherited) @executable_path/Frameworks";
				PRODUCT_BUNDLE_IDENTIFIER = DavidVY.Vizzy;
				PRODUCT_NAME = "$(TARGET_NAME)";
			};
			name = Release;
		};
/* End XCBuildConfiguration section */

/* Begin XCConfigurationList section */
		FF893E201D0B525C00791885 /* Build configuration list for PBXProject "Vizzy" */ = {
			isa = XCConfigurationList;
			buildConfigurations = (
				FF893E391D0B525C00791885 /* Debug */,
				FF893E3A1D0B525C00791885 /* Release */,
			);
			defaultConfigurationIsVisible = 0;
			defaultConfigurationName = Release;
		};
		FF893E3B1D0B525C00791885 /* Build configuration list for PBXNativeTarget "Vizzy" */ = {
			isa = XCConfigurationList;
			buildConfigurations = (
				FF893E3C1D0B525C00791885 /* Debug */,
				FF893E3D1D0B525C00791885 /* Release */,
			);
			defaultConfigurationIsVisible = 0;
			defaultConfigurationName = Release;
		};
/* End XCConfigurationList section */
	};
	rootObject = FF893E1D1D0B525C00791885 /* Project object */;
}
